lockfileVersion: '9.0'

settings:
  autoInstallPeers: true
  excludeLinksFromLockfile: false

importers:

  .: {}

  plugins/dsh-agentos-remote:
    dependencies:
      centrifuge:
        specifier: 5.5.3
        version: 5.5.3
      qrcode:
        specifier: ^1.5.4
        version: 1.5.4
      ws:
        specifier: ^8.18.0
        version: 8.21.3
    devDependencies:
      '@deepseek-ai/cordis':
        specifier: ^4.0.1
        version: 4.0.2

  plugins/dsh-apply-patch:
    devDependencies:
      '@deepseek-ai/cordis':
        specifier: ^4.0.1
        version: 4.0.2
      '@deepseek-ai/dsh-tools':
        specifier: 0.1.2-rc.1
        version: 0.1.2-rc.1(de5e1ff2d608fbe22667925341ad1dfc)
      '@deepseek-ai/schemastery':
        specifier: ^3.18.1
        version: 3.18.2

  plugins/dsh-persistent-repl:
    devDependencies:
      '@deepseek-ai/cordis':
        specifier: ^4.0.1
        version: 4.0.2
      '@deepseek-ai/dsh-tools':
        specifier: 0.1.2-rc.1
        version: 0.1.2-rc.1(de5e1ff2d608fbe22667925341ad1dfc)
      '@deepseek-ai/schemastery':
        specifier: ^3.18.1
        version: 3.18.2

  plugins/dsh-session-introspect:
    devDependencies:
      '@deepseek-ai/cordis':
        specifier: ^4.0.1
        version: 4.0.2
      '@deepseek-ai/dsh-tools':
        specifier: 0.1.2-rc.1
        version: 0.1.2-rc.1(de5e1ff2d608fbe22667925341ad1dfc)
      '@deepseek-ai/schemastery':
        specifier: ^3.18.1
        version: 3.18.2

packages:

  '@deepseek-ai/cordis@4.0.2':
    resolution: {integrity: sha512-asOnXP1TzFSFQlHb1iegDZp0z/8WD1c7YNrwJR/Tx2bzNuMXfcekE/I67Iv6SQXeLB4csxqCngzQKANP7gdw0g==}
    hasBin: true
    peerDependencies:
      '@deepseek-ai/cordis-plugin-include': ^1.0.7
      '@deepseek-ai/cordis-plugin-loader': ^1.0.3
    peerDependenciesMeta:
      '@deepseek-ai/cordis-plugin-include':
        optional: true
      '@deepseek-ai/cordis-plugin-loader':
        optional: true

  '@deepseek-ai/cosmokit@1.8.3':
    resolution: {integrity: sha512-qBo+ronVM6Eu2WNVJXi8JcMiqZ19T9BRIpV+5qJUFPXjGH/Z0QKcQMC/IZJ7L394YTOtJgcovbk9qP0w2GsBXQ==}

  '@deepseek-ai/dsh-agent@0.1.2-rc.1':
    resolution: {integrity: sha512-lfaqN34vUCWvbn1kJVHrhfJ6Dvt1HDHCm33ZCpmKkl07/5q6FxWqVv6rOdVX5QnM/9xz/uYiN0nQwUtBg4+Skg==}
    peerDependencies:
      '@deepseek-ai/cordis': ^4.0.2
      '@deepseek-ai/dsh-invariants': ^0.1.2-rc.1
      '@deepseek-ai/dsh-llm': ^0.1.2-rc.1
      '@deepseek-ai/dsh-scope': ^0.1.2-rc.1
      '@deepseek-ai/dsh-session': ^0.1.2-rc.1
      '@deepseek-ai/dsh-session-projection': ^0.1.2-rc.1
      '@deepseek-ai/dsh-system-prompt': ^0.1.2-rc.1
      '@deepseek-ai/dsh-typert-protocol': ^0.1.2-rc.1

  '@deepseek-ai/dsh-brand@0.1.2-rc.1':
    resolution: {integrity: sha512-y2RHIag3kzLdY8kTBuSUSTsKzWPscJrysNObXTiNM7stXLpa3jXpshsB1caqGzNx50vYcmHeN1gFVECgx3NZHg==}
    peerDependencies:
      '@deepseek-ai/cordis': ^4.0.2

  '@deepseek-ai/dsh-code-runtime@0.1.2-rc.1':
    resolution: {integrity: sha512-dv5UszPJb/AFcarZc2c6h5z/X80bsrSd3bfIOugwNVclSI6P+L3ixseoZKgyks7T0Ap0h6ngXGk2WeoUkmYxnQ==}
    peerDependencies:
      '@deepseek-ai/cordis': ^4.0.2

  '@deepseek-ai/dsh-invariants@0.1.2-rc.1':
    resolution: {integrity: sha512-zSjuFJYcEB94kPwn7SicqAV1dfVWZkjt1I8luDboxtjfp5CN6ziwJhLv3KaB+Dh9tgkyGY4mvo886W/HhE9L9g==}
    peerDependencies:
      '@deepseek-ai/cordis': ^4.0.2

  '@deepseek-ai/dsh-llm@0.1.2-rc.1':
    resolution: {integrity: sha512-7VYsha5AXsVLnsAwYJffWXz9bwUbElw8i5N8tlTSdai9Bupk3sMbsotzPf8ZbsuGAxQYErahMwQwgGEu4qZO6g==}
    peerDependencies:
      '@deepseek-ai/cordis': ^4.0.2

  '@deepseek-ai/dsh-scope@0.1.2-rc.1':
    resolution: {integrity: sha512-GHwbzWrGbmE0ZGzAZsXBudpyCM9ENCpXxlKODIaPFbIWhRePh6nH2jW47TAOqCIsPPedWC2p3w8Tx5WAa3I/2A==}
    peerDependencies:
      '@deepseek-ai/cordis': ^4.0.2
      '@deepseek-ai/dsh-invariants': ^0.1.2-rc.1

  '@deepseek-ai/dsh-session-projection@0.1.2-rc.1':
    resolution: {integrity: sha512-qVWlIzPm4u9vzQ5G/QtE6jeSJ3b3b42hWVJj664BurEZlHbAfdqkhYc1QsoBU+5k5kUEJFHh07z8HxuXA9kTnQ==}
    peerDependencies:
      '@deepseek-ai/cordis': ^4.0.2
      '@deepseek-ai/dsh-session': ^0.1.2-rc.1

  '@deepseek-ai/dsh-session@0.1.2-rc.1':
    resolution: {integrity: sha512-jRGNPTbQcvIx1F2MVmmkoiHLgpC3Btqo1wkl/3JDLlOWRVWKOuaC+5fQiMrFPOYfno6YiX/c2UvmA0td8qB92w==}
    peerDependencies:
      '@deepseek-ai/cordis': ^4.0.2
      '@deepseek-ai/dsh-scope': ^0.1.2-rc.1

  '@deepseek-ai/dsh-system-prompt@0.1.2-rc.1':
    resolution: {integrity: sha512-7W93PZKIk4CHvjZGgLIxrrEKpk+6t8nQXje1vKR5vG73dfXH0t1MJ5WWH/fngadYc7c6KzM84ihQ66tJqJqyNQ==}
    peerDependencies:
      '@deepseek-ai/cordis': ^4.0.2
      '@deepseek-ai/dsh-invariants': ^0.1.2-rc.1
      '@deepseek-ai/dsh-llm': ^0.1.2-rc.1
      '@deepseek-ai/dsh-scope': ^0.1.2-rc.1

  '@deepseek-ai/dsh-timeout@0.1.2-rc.1':
    resolution: {integrity: sha512-llz11yxWeJB8suKCa6hRLjNBWVaPn3Fbd0XoBS0bkZLhPFzO1mDorx/XMca2GhI7XF9A86CURQcDt+aGjjvqJA==}
    peerDependencies:
      '@deepseek-ai/cordis': ^4.0.2

  '@deepseek-ai/dsh-tools@0.1.2-rc.1':
    resolution: {integrity: sha512-W9kUio00s7WbM8kEwniyd4hfb3CeUxVczsjXbOcKtakfiTywNLeyRWkpx2fvwRAH2rBfg3qCgczVfS0DOw1csg==}
    peerDependencies:
      '@deepseek-ai/cordis': ^4.0.2
      '@deepseek-ai/dsh-agent': ^0.1.2-rc.1
      '@deepseek-ai/dsh-code-runtime': ^0.1.2-rc.1
      '@deepseek-ai/dsh-invariants': ^0.1.2-rc.1
      '@deepseek-ai/dsh-llm': ^0.1.2-rc.1
      '@deepseek-ai/dsh-scope': ^0.1.2-rc.1
      '@deepseek-ai/dsh-session': ^0.1.2-rc.1
      '@deepseek-ai/dsh-system-prompt': ^0.1.2-rc.1
      '@deepseek-ai/dsh-user-approval': ^0.1.2-rc.1

  '@deepseek-ai/dsh-typert-protocol@0.1.2-rc.1':
    resolution: {integrity: sha512-vBWD0NpriPd96ltbWaAw+iKeWFIEjiAcCWYtmqEcV1Ms+FaV02usjjm7LCmhSQhMZpBSBc7EZUX0spGlpjI1bA==}
    peerDependencies:
      '@deepseek-ai/cordis': ^4.0.2

  '@deepseek-ai/dsh-user-approval@0.1.2-rc.1':
    resolution: {integrity: sha512-oYkLE4a/TwqVNi299pUf/QP1Yku6KScdUCTUyYbjaRBcN+/pXPpHikl2aoE2thH9D0uT/Kj6T2kz+wDDcFd9Xg==}
    peerDependencies:
      '@deepseek-ai/cordis': ^4.0.2
      '@deepseek-ai/dsh-agent': ^0.1.2-rc.1
      '@deepseek-ai/dsh-brand': ^0.1.2-rc.1
      '@deepseek-ai/dsh-invariants': ^0.1.2-rc.1
      '@deepseek-ai/dsh-llm': ^0.1.2-rc.1
      '@deepseek-ai/dsh-scope': ^0.1.2-rc.1
      '@deepseek-ai/dsh-session': ^0.1.2-rc.1
      '@deepseek-ai/dsh-system-prompt': ^0.1.2-rc.1

  '@deepseek-ai/dsh-util-crypto@0.1.2-rc.1':
    resolution: {integrity: sha512-gE8FznQ1hkknw9QMrHNSlm3UEyRYuj3MLVvlJ6NyH1kmOsdjnbrVbSs+Pn72k2oIV4Fiyu3Umg0sLznUEcsiXw==}
    peerDependencies:
      '@deepseek-ai/cordis': ^4.0.2

  '@deepseek-ai/dsh-util-values@0.1.2-rc.1':
    resolution: {integrity: sha512-FQdgoK+KYVR0pBQb9fTsajvGb3gzUxEzJQEYnFOt+Qdwc4nkxJOPwJJdIvXuqvZaQ33DaOoqpnpcr2p5HpLu4g==}
    peerDependencies:
      '@deepseek-ai/cordis': ^4.0.2

  '@deepseek-ai/schemastery@3.18.2':
    resolution: {integrity: sha512-njDtZsznjYxok7KLLlHOPyuv2efdWVbSflAHgztSfbMsg+CVraEoRe2DjOCgClYv3ZCSm7WXoaUkbB/+RY7tWQ==}

  '@protobufjs/aspromise@1.1.2':
    resolution: {integrity: sha512-j+gKExEuLmKwvz3OgROXtrJ2UG2x8Ch2YZUxahh+s1F2HZ+wAceUNLkvy6zKCPVRkU++ZWQrdxsUeQXmcg4uoQ==}

  '@protobufjs/base64@1.1.2':
    resolution: {integrity: sha512-AZkcAA5vnN/v4PDqKyMR5lx7hZttPDgClv83E//FMNhR2TMcLUhfRUBHCmSl0oi9zMgDDqRUJkSxO3wm85+XLg==}

  '@protobufjs/codegen@2.0.5':
    resolution: {integrity: sha512-zgXFLzW3Ap33e6d0Wlj4MGIm6Ce8O89n/apUaGNB/jx+hw+ruWEp7EwGUshdLKVRCxZW12fp9r40E1mQrf/34g==}

  '@protobufjs/eventemitter@1.1.1':
    resolution: {integrity: sha512-vW1GmwMZNnL+gMRaovlh9yZX74kc+TTU3FObkkurpMaRtBfLP3ldjS9KQWlwZgraRE0+dheEEoAxdzcJQ8eXZg==}

  '@protobufjs/fetch@1.1.1':
    resolution: {integrity: sha512-GpptLrs57adMSuHi3VNj0mAF8dwh36LMaYF6XyJ6JMWlVsc+t42tm1HSEDmOs3A8fC9yyeisgLhsTVQokOZ0zw==}

  '@protobufjs/float@1.0.2':
    resolution: {integrity: sha512-Ddb+kVXlXst9d+R9PfTIxh1EdNkgoRe5tOX6t01f1lYWOvJnSPDBlG241QLzcyPdoNTsblLUdujGSE4RzrTZGQ==}

  '@protobufjs/path@1.1.2':
    resolution: {integrity: sha512-6JOcJ5Tm08dOHAbdR3GrvP+yUUfkjG5ePsHYczMFLq3ZmMkAD98cDgcT2iA1lJ9NVwFd4tH/iSSoe44YWkltEA==}

  '@protobufjs/pool@1.1.0':
    resolution: {integrity: sha512-0kELaGSIDBKvcgS4zkjz1PeddatrjYcmMWOlAuAPwAeccUrPHdUqo/J6LiymHHEiJT5NrF1UVwxY14f+fy4WQw==}

  '@protobufjs/utf8@1.1.2':
    resolution: {integrity: sha512-b1UQwcEZ4yCnMCD8DAL1VlbvBJE9/IX4FTIp7BG1xYpf29SLazLSrqUkj4w7Y5y7cCVP6E5tcqqcI0xemPkHug==}

  '@standard-schema/spec@1.1.0':
    resolution: {integrity: sha512-l2aFy5jALhniG5HgqrD6jXLi/rUWrKvqN/qJx6yoJsgKhblVd+iqqU4RCXavm/jPityDo5TCvKMnpjKnOriy0w==}

  '@types/node@26.6.2':
    resolution: {integrity: sha512-X1P21scMv4zGKLYqjdGjaKa7COa0RKVYYZZN/NfvLQ1JegxFhdhpZG/Lyn8AXx6CDUavKAd11v6BvfpkDByK8g==}

  ansi-regex@5.0.1:
    resolution: {integrity: sha512-quJQXlTSUGL2LH9SUXo8VwsY4soanhgo6LNSm84E1LBcE8s3O0wpdiRzyR9z/ZZJMlMWv37qOOb9pdJlMUEKFQ==}
    engines: {node: '>=8'}

  ansi-styles@4.3.0:
    resolution: {integrity: sha512-zbB9rCJAT1rbjiVDb2hqKFHNYLxgtk8NURxZ3IZwD3F6NtxbXZQCnnSi1Lkx+IDohdPlFp222wVALIheZJQSEg==}
    engines: {node: '>=8'}

  camelcase@5.3.1:
    resolution: {integrity: sha512-L28STB170nwWS63UjtlEOE3dldQApaJXZkOI1uMFfzf3rRuPegHaHesyee+YxQ+W6SvRDQV6UrdOdRiR153wJg==}
    engines: {node: '>=6'}

  centrifuge@5.5.3:
    resolution: {integrity: sha512-LPkWnsAxu7JaE5S738XiREzJIko3Pf/qnWb3kd0q/OR0OJONUbSdnZ5pKsEI2yFi/odQ89SYsHPhLuEeZFhp/g==}

  cliui@6.0.0:
    resolution: {integrity: sha512-t6wbgtoCXvAzst7QgXxJYqPt0usEfbgQdftEPbLL/cvv6HPE5VgvqCuAIDR0NgU52ds6rFwqrgakNLrHEjCbrQ==}

  color-convert@2.0.1:
    resolution: {integrity: sha512-RRECPsj7iu/xb5oKYcsFHSppFNnsj/52OVTRKb4zP5onXwVF3zVmmToNcOfGC+CRDpfK/U584fMg38ZHCaElKQ==}
    engines: {node: '>=7.0.0'}

  color-name@1.1.4:
    resolution: {integrity: sha512-dOy+3AuW3a2wNbZHIuMZpTcgjGuLU/uBL/ubcZF9OXbDo8ff4O8yVp5Bf0efS8uEoYo5q4Fx7dY9OgQGXgAsQA==}

  decamelize@1.2.0:
    resolution: {integrity: sha512-z2S+W9X73hAUUki+N+9Za2lBlun89zigOyGrsax+KUQ6wKW4ZoWpEYBkGhQjwAjjDCkWxhY0VKEhk8wzY7F5cA==}
    engines: {node: '>=0.10.0'}

  dijkstrajs@1.0.3:
    resolution: {integrity: sha512-qiSlmBq9+BCdCA/L46dw8Uy93mloxsPSbwnm5yrKn2vMPiy8KyAskTF6zuV/j5BMsmOGZDPs7KjU+mjb670kfA==}

  emoji-regex@8.0.0:
    resolution: {integrity: sha512-MSjYzcWNOA0ewAHpz0MxpYFvwg6yjy1NG3xteoqz644VCo/RPgnr1/GGt+ic3iJTzQ8Eu3TdM14SawnVUmGE6A==}

  events@3.3.0:
    resolution: {integrity: sha512-mQw+2fkQbALzQ7V0MY0IqdnXNOeTtP4r0lN9z7AAawCXgqea7bDii20AYrIBrFd/Hx0M2Ocz6S111CaFkUcb0Q==}
    engines: {node: '>=0.8.x'}

  find-up@4.1.0:
    resolution: {integrity: sha512-PpOwAdQ/YlXQ2vj8a3h8IipDuYRi3wceVQQGYWxNINccq40Anw7BlsEXCMbt1Zt+OLA6Fq9suIpIWD0OsnISlw==}
    engines: {node: '>=8'}

  get-caller-file@2.0.5:
    resolution: {integrity: sha512-DyFP3BM/3YHTQOCUL/w0OZHR0lpKeGrxotcHWcqNEdnltqFwXVfhEBQ94eIo34AfQpo0rGki4cyIiftY06h2Fg==}
    engines: {node: 6.* || 8.* || >= 10.*}

  is-fullwidth-code-point@3.0.0:
    resolution: {integrity: sha512-zymm5+u+sCsSWyD9qNaejV3DFvhCKclKdizYaJUuHA83RLjb7nSuGnddCHGv0hk+KY7BMAlsWeK4Ueg6EV6XQg==}
    engines: {node: '>=8'}

  locate-path@5.0.0:
    resolution: {integrity: sha512-t7hw9pI+WvuwNJXwk5zVHpyhIqzg2qTlklJOf0mVxGSbe3Fp2VieZcduNYjaLDoy6p9uGpQEGWG87WpMKlNq8g==}
    engines: {node: '>=8'}

  long@5.3.2:
    resolution: {integrity: sha512-mNAgZ1GmyNhD7AuqnTG3/VQ26o760+ZYBPKjPvugO8+nLbYfX6TVpJPseBvopbdY+qpZ/lKUnmEc1LeZYS3QAA==}

  p-limit@2.3.0:
    resolution: {integrity: sha512-//88mFWSJx8lxCzwdAABTJL2MyWB12+eIY7MDL2SqLmAkeKU9qxRvWuSyTjm3FUmpBEMuFfckAIqEaVGUDxb6w==}
    engines: {node: '>=6'}

  p-locate@4.1.0:
    resolution: {integrity: sha512-R79ZZ/0wAxKGu3oYMlz8jy/kbhsNrS7SKZ7PxEHBgJ5+F2mtFW2fK2cOtBh1cHYkQsbzFV7I+EoRKe6Yt0oK7A==}
    engines: {node: '>=8'}

  p-try@2.2.0:
    resolution: {integrity: sha512-R4nPAVTAU0B9D35/Gk3uJf/7XYbQcyohSKdvAxIRSNghFl4e71hVoGnBNQz9cWaXxO2I10KTC+3jMdvvoKw6dQ==}
    engines: {node: '>=6'}

  path-exists@4.0.0:
    resolution: {integrity: sha512-ak9Qy5Q7jYb2Wwcey5Fpvg2KoAc/ZIhLSLOSBmRmygPsGwkVVt0fZa0qrtMz+m6tJTAHfZQ8FnmB4MG4LWy7/w==}
    engines: {node: '>=8'}

  pngjs@5.0.0:
    resolution: {integrity: sha512-40QW5YalBNfQo5yRYmiw7Yz6TKKVr3h6970B2YE+3fQpsWcrbj1PzJgxeJ19DRQjhMbKPIuMY8rFaXc8moolVw==}
    engines: {node: '>=10.13.0'}

  protobufjs@7.6.6:
    resolution: {integrity: sha512-dYDWdjSl5RNb7SgPxGQcRU+GtvP7s2fpkrY0r432PcOIaZ0/rBcxEZnQN67iJhFuQiVw754JDoPruPCNdGsbjg==}
    engines: {node: '>=12.0.0'}

  qrcode@1.5.4:
    resolution: {integrity: sha512-1ca71Zgiu6ORjHqFBDpnSMTR2ReToX4l1Au1VFLyVeBTFavzQnv5JxMFr3ukHVKpSrSA2MCk0lNJSykjUfz7Zg==}
    engines: {node: '>=10.13.0'}
    hasBin: true

  require-directory@2.1.1:
    resolution: {integrity: sha512-fGxEI7+wsG9xrvdjsrlmL22OMTTiHRwAMroiEeMgq8gzoLC/PQr7RsRDSTLUg/bZAZtF+TVIkHc6/4RIKrui+Q==}
    engines: {node: '>=0.10.0'}

  require-main-filename@2.0.0:
    resolution: {integrity: sha512-NKN5kMDylKuldxYLSUfrbo5Tuzh4hd+2E8NPPX02mZtn1VuREQToYe/ZdlJy+J3uCpfaiGF05e7B8W0iXbQHmg==}

  set-blocking@2.0.0:
    resolution: {integrity: sha512-KiKBS8AnWGEyLzofFfmvKwpdPzqiy16LvQfK3yv/fVH7Bj13/wl3JSR1J+rfgRE9q7xUJK4qvgS8raSOeLUehw==}

  string-width@4.2.3:
    resolution: {integrity: sha512-wKyQRQpjJ0sIp62ErSZdGsjMJWsap5oRNihHhu6G7JVO/9jIB6UyevL+tXuOqrng8j/cxKTWyWUwvSTriiZz/g==}
    engines: {node: '>=8'}

  strip-ansi@6.0.1:
    resolution: {integrity: sha512-Y38VPSHcqkFrCpFnQ9vuSXmquuv5oXOKpGeT6aGrr3o3Gc9AlVa6JBfUSOCnbxGGZF+/0ooI7KrPuUSztUdU5A==}
    engines: {node: '>=8'}

  undici-types@8.9.0:
    resolution: {integrity: sha512-KTDyRTYX8sWmKXAikPHHSyc63CRPETMctyjKFupcC6OBLXT3xsN0e9aF7m+mIXutFWpUXuedtowG7iLOzp0kQg==}

  which-module@2.0.1:
    resolution: {integrity: sha512-iBdZ57RDvnOR9AGBhML2vFZf7h8vmBjhoaZqODJBFWHVtKkDmKuHai3cx5PgVMrX5YDNp27AofYbAwctSS+vhQ==}

  wrap-ansi@6.2.0:
    resolution: {integrity: sha512-r6lPcBGxZXlIcymEu7InxDMhdW0KDxpLgoFLcguasxCaJ/SOIZwINatK9KY/tf+ZrlywOKU0UDj3ATXUBfxJXA==}
    engines: {node: '>=8'}

  ws@8.21.3:
    resolution: {integrity: sha512-201TZ/kPWxoPr/OKWjquZR1SWKXcvxdH+e1xrx89b3YbmzLMFCLfnaG1HFIgWzJOEWZ7MvpK++odZufgYR50Rw==}
    engines: {node: '>=10.0.0'}
    peerDependencies:
      bufferutil: ^4.0.1
      utf-8-validate: '>=5.0.2'
    peerDependenciesMeta:
      bufferutil:
        optional: true
      utf-8-validate:
        optional: true

  y18n@4.0.3:
    resolution: {integrity: sha512-JKhqTOwSrqNA1NY5lSztJ1GrBiUodLMmIZuLiDaMRJ+itFd+ABVE8XBjOvIWL+rSqNDC74LCSFmlb/U4UZ4hJQ==}

  yargs-parser@18.1.3:
    resolution: {integrity: sha512-o50j0JeToy/4K6OZcaQmW6lyXXKhq7csREXcDwk2omFPJEwUNOVtJKvmDr9EI1fAJZUyZcRF7kxGBWmRXudrCQ==}
    engines: {node: '>=6'}

  yargs@15.4.1:
    resolution: {integrity: sha512-aePbxDmcYW++PaqBsJ+HYUFwCdv4LVvdnhBy78E57PIor8/OVvhMrADFFEDh8DHDFRv/O9i3lPhsENjO7QX0+A==}
    engines: {node: '>=8'}

  zod@4.6.5:
    resolution: {integrity: sha512-v5l/aFXZQeai4awLbOpSoHecE9UiMrnfx75tEXLjNonXVARxQ5mOeipTjROUchszUNCqnE+hqAMujRsRHsut2Q==}

snapshots:

  '@deepseek-ai/cordis@4.0.2':
    dependencies:
      '@deepseek-ai/cosmokit': 1.8.3
      '@standard-schema/spec': 1.1.0

  '@deepseek-ai/cosmokit@1.8.3': {}

  '@deepseek-ai/dsh-agent@0.1.2-rc.1(6f833cf90b9dd3f0d529840b1aebfb48)':
    dependencies:
      '@deepseek-ai/cordis': 4.0.2
      '@deepseek-ai/dsh-invariants': 0.1.2-rc.1(@deepseek-ai/cordis@4.0.2)
      '@deepseek-ai/dsh-llm': 0.1.2-rc.1(@deepseek-ai/cordis@4.0.2)
      '@deepseek-ai/dsh-scope': 0.1.2-rc.1(@deepseek-ai/cordis@4.0.2)(@deepseek-ai/dsh-invariants@0.1.2-rc.1(@deepseek-ai/cordis@4.0.2))
      '@deepseek-ai/dsh-session': 0.1.2-rc.1(@deepseek-ai/cordis@4.0.2)(@deepseek-ai/dsh-scope@0.1.2-rc.1(@deepseek-ai/cordis@4.0.2)(@deepseek-ai/dsh-invariants@0.1.2-rc.1(@deepseek-ai/cordis@4.0.2)))
      '@deepseek-ai/dsh-session-projection': 0.1.2-rc.1(@deepseek-ai/cordis@4.0.2)(@deepseek-ai/dsh-session@0.1.2-rc.1(@deepseek-ai/cordis@4.0.2)(@deepseek-ai/dsh-scope@0.1.2-rc.1(@deepseek-ai/cordis@4.0.2)(@deepseek-ai/dsh-invariants@0.1.2-rc.1(@deepseek-ai/cordis@4.0.2))))
      '@deepseek-ai/dsh-system-prompt': 0.1.2-rc.1(@deepseek-ai/cordis@4.0.2)(@deepseek-ai/dsh-invariants@0.1.2-rc.1(@deepseek-ai/cordis@4.0.2))(@deepseek-ai/dsh-llm@0.1.2-rc.1(@deepseek-ai/cordis@4.0.2))(@deepseek-ai/dsh-scope@0.1.2-rc.1(@deepseek-ai/cordis@4.0.2)(@deepseek-ai/dsh-invariants@0.1.2-rc.1(@deepseek-ai/cordis@4.0.2)))
      '@deepseek-ai/dsh-typert-protocol': 0.1.2-rc.1(@deepseek-ai/cordis@4.0.2)

  '@deepseek-ai/dsh-brand@0.1.2-rc.1(@deepseek-ai/cordis@4.0.2)':
    dependencies:
      '@deepseek-ai/cordis': 4.0.2

  '@deepseek-ai/dsh-code-runtime@0.1.2-rc.1(@deepseek-ai/cordis@4.0.2)':
    dependencies:
      '@deepseek-ai/cordis': 4.0.2

  '@deepseek-ai/dsh-invariants@0.1.2-rc.1(@deepseek-ai/cordis@4.0.2)':
    dependencies:
      '@deepseek-ai/cordis': 4.0.2
      '@deepseek-ai/schemastery': 3.18.2

  '@deepseek-ai/dsh-llm@0.1.2-rc.1(@deepseek-ai/cordis@4.0.2)':
    dependencies:
      '@deepseek-ai/cordis': 4.0.2
      '@deepseek-ai/dsh-brand': 0.1.2-rc.1(@deepseek-ai/cordis@4.0.2)
      '@deepseek-ai/dsh-timeout': 0.1.2-rc.1(@deepseek-ai/cordis@4.0.2)
      '@deepseek-ai/dsh-typert-protocol': 0.1.2-rc.1(@deepseek-ai/cordis@4.0.2)
      '@deepseek-ai/dsh-util-crypto': 0.1.2-rc.1(@deepseek-ai/cordis@4.0.2)
      '@deepseek-ai/dsh-util-values': 0.1.2-rc.1(@deepseek-ai/cordis@4.0.2)
      '@deepseek-ai/schemastery': 3.18.2
      zod: 4.6.5

  '@deepseek-ai/dsh-scope@0.1.2-rc.1(@deepseek-ai/cordis@4.0.2)(@deepseek-ai/dsh-invariants@0.1.2-rc.1(@deepseek-ai/cordis@4.0.2))':
    dependencies:
      '@deepseek-ai/cordis': 4.0.2
      '@deepseek-ai/dsh-invariants': 0.1.2-rc.1(@deepseek-ai/cordis@4.0.2)

  '@deepseek-ai/dsh-session-projection@0.1.2-rc.1(@deepseek-ai/cordis@4.0.2)(@deepseek-ai/dsh-session@0.1.2-rc.1(@deepseek-ai/cordis@4.0.2)(@deepseek-ai/dsh-scope@0.1.2-rc.1(@deepseek-ai/cordis@4.0.2)(@deepseek-ai/dsh-invariants@0.1.2-rc.1(@deepseek-ai/cordis@4.0.2))))':
    dependencies:
      '@deepseek-ai/cordis': 4.0.2
      '@deepseek-ai/dsh-session': 0.1.2-rc.1(@deepseek-ai/cordis@4.0.2)(@deepseek-ai/dsh-scope@0.1.2-rc.1(@deepseek-ai/cordis@4.0.2)(@deepseek-ai/dsh-invariants@0.1.2-rc.1(@deepseek-ai/cordis@4.0.2)))
      zod: 4.6.5

  '@deepseek-ai/dsh-session@0.1.2-rc.1(@deepseek-ai/cordis@4.0.2)(@deepseek-ai/dsh-scope@0.1.2-rc.1(@deepseek-ai/cordis@4.0.2)(@deepseek-ai/dsh-invariants@0.1.2-rc.1(@deepseek-ai/cordis@4.0.2)))':
    dependencies:
      '@deepseek-ai/cordis': 4.0.2
      '@deepseek-ai/dsh-brand': 0.1.2-rc.1(@deepseek-ai/cordis@4.0.2)
      '@deepseek-ai/dsh-llm': 0.1.2-rc.1(@deepseek-ai/cordis@4.0.2)
      '@deepseek-ai/dsh-scope': 0.1.2-rc.1(@deepseek-ai/cordis@4.0.2)(@deepseek-ai/dsh-invariants@0.1.2-rc.1(@deepseek-ai/cordis@4.0.2))
      '@deepseek-ai/dsh-util-values': 0.1.2-rc.1(@deepseek-ai/cordis@4.0.2)

  '@deepseek-ai/dsh-system-prompt@0.1.2-rc.1(@deepseek-ai/cordis@4.0.2)(@deepseek-ai/dsh-invariants@0.1.2-rc.1(@deepseek-ai/cordis@4.0.2))(@deepseek-ai/dsh-llm@0.1.2-rc.1(@deepseek-ai/cordis@4.0.2))(@deepseek-ai/dsh-scope@0.1.2-rc.1(@deepseek-ai/cordis@4.0.2)(@deepseek-ai/dsh-invariants@0.1.2-rc.1(@deepseek-ai/cordis@4.0.2)))':
    dependencies:
      '@deepseek-ai/cordis': 4.0.2
      '@deepseek-ai/dsh-invariants': 0.1.2-rc.1(@deepseek-ai/cordis@4.0.2)
      '@deepseek-ai/dsh-llm': 0.1.2-rc.1(@deepseek-ai/cordis@4.0.2)
      '@deepseek-ai/dsh-scope': 0.1.2-rc.1(@deepseek-ai/cordis@4.0.2)(@deepseek-ai/dsh-invariants@0.1.2-rc.1(@deepseek-ai/cordis@4.0.2))
      '@deepseek-ai/schemastery': 3.18.2

  '@deepseek-ai/dsh-timeout@0.1.2-rc.1(@deepseek-ai/cordis@4.0.2)':
    dependencies:
      '@deepseek-ai/cordis': 4.0.2

  '@deepseek-ai/dsh-tools@0.1.2-rc.1(de5e1ff2d608fbe22667925341ad1dfc)':
    dependencies:
      '@deepseek-ai/cordis': 4.0.2
      '@deepseek-ai/dsh-agent': 0.1.2-rc.1(6f833cf90b9dd3f0d529840b1aebfb48)
      '@deepseek-ai/dsh-brand': 0.1.2-rc.1(@deepseek-ai/cordis@4.0.2)
      '@deepseek-ai/dsh-code-runtime': 0.1.2-rc.1(@deepseek-ai/cordis@4.0.2)
      '@deepseek-ai/dsh-invariants': 0.1.2-rc.1(@deepseek-ai/cordis@4.0.2)
      '@deepseek-ai/dsh-llm': 0.1.2-rc.1(@deepseek-ai/cordis@4.0.2)
      '@deepseek-ai/dsh-scope': 0.1.2-rc.1(@deepseek-ai/cordis@4.0.2)(@deepseek-ai/dsh-invariants@0.1.2-rc.1(@deepseek-ai/cordis@4.0.2))
      '@deepseek-ai/dsh-session': 0.1.2-rc.1(@deepseek-ai/cordis@4.0.2)(@deepseek-ai/dsh-scope@0.1.2-rc.1(@deepseek-ai/cordis@4.0.2)(@deepseek-ai/dsh-invariants@0.1.2-rc.1(@deepseek-ai/cordis@4.0.2)))
      '@deepseek-ai/dsh-system-prompt': 0.1.2-rc.1(@deepseek-ai/cordis@4.0.2)(@deepseek-ai/dsh-invariants@0.1.2-rc.1(@deepseek-ai/cordis@4.0.2))(@deepseek-ai/dsh-llm@0.1.2-rc.1(@deepseek-ai/cordis@4.0.2))(@deepseek-ai/dsh-scope@0.1.2-rc.1(@deepseek-ai/cordis@4.0.2)(@deepseek-ai/dsh-invariants@0.1.2-rc.1(@deepseek-ai/cordis@4.0.2)))
      '@deepseek-ai/dsh-user-approval': 0.1.2-rc.1(@deepseek-ai/cordis@4.0.2)(@deepseek-ai/dsh-agent@0.1.2-rc.1(6f833cf90b9dd3f0d529840b1aebfb48))(@deepseek-ai/dsh-brand@0.1.2-rc.1(@deepseek-ai/cordis@4.0.2))(@deepseek-ai/dsh-invariants@0.1.2-rc.1(@deepseek-ai/cordis@4.0.2))(@deepseek-ai/dsh-llm@0.1.2-rc.1(@deepseek-ai/cordis@4.0.2))(@deepseek-ai/dsh-scope@0.1.2-rc.1(@deepseek-ai/cordis@4.0.2)(@deepseek-ai/dsh-invariants@0.1.2-rc.1(@deepseek-ai/cordis@4.0.2)))(@deepseek-ai/dsh-session@0.1.2-rc.1(@deepseek-ai/cordis@4.0.2)(@deepseek-ai/dsh-scope@0.1.2-rc.1(@deepseek-ai/cordis@4.0.2)(@deepseek-ai/dsh-invariants@0.1.2-rc.1(@deepseek-ai/cordis@4.0.2))))(@deepseek-ai/dsh-system-prompt@0.1.2-rc.1(@deepseek-ai/cordis@4.0.2)(@deepseek-ai/dsh-invariants@0.1.2-rc.1(@deepseek-ai/cordis@4.0.2))(@deepseek-ai/dsh-llm@0.1.2-rc.1(@deepseek-ai/cordis@4.0.2))(@deepseek-ai/dsh-scope@0.1.2-rc.1(@deepseek-ai/cordis@4.0.2)(@deepseek-ai/dsh-invariants@0.1.2-rc.1(@deepseek-ai/cordis@4.0.2))))
      '@deepseek-ai/dsh-util-values': 0.1.2-rc.1(@deepseek-ai/cordis@4.0.2)
      '@deepseek-ai/schemastery': 3.18.2

  '@deepseek-ai/dsh-typert-protocol@0.1.2-rc.1(@deepseek-ai/cordis@4.0.2)':
    dependencies:
      '@deepseek-ai/cordis': 4.0.2

  '@deepseek-ai/dsh-user-approval@0.1.2-rc.1(@deepseek-ai/cordis@4.0.2)(@deepseek-ai/dsh-agent@0.1.2-rc.1(6f833cf90b9dd3f0d529840b1aebfb48))(@deepseek-ai/dsh-brand@0.1.2-rc.1(@deepseek-ai/cordis@4.0.2))(@deepseek-ai/dsh-invariants@0.1.2-rc.1(@deepseek-ai/cordis@4.0.2))(@deepseek-ai/dsh-llm@0.1.2-rc.1(@deepseek-ai/cordis@4.0.2))(@deepseek-ai/dsh-scope@0.1.2-rc.1(@deepseek-ai/cordis@4.0.2)(@deepseek-ai/dsh-invariants@0.1.2-rc.1(@deepseek-ai/cordis@4.0.2)))(@deepseek-ai/dsh-session@0.1.2-rc.1(@deepseek-ai/cordis@4.0.2)(@deepseek-ai/dsh-scope@0.1.2-rc.1(@deepseek-ai/cordis@4.0.2)(@deepseek-ai/dsh-invariants@0.1.2-rc.1(@deepseek-ai/cordis@4.0.2))))(@deepseek-ai/dsh-system-prompt@0.1.2-rc.1(@deepseek-ai/cordis@4.0.2)(@deepseek-ai/dsh-invariants@0.1.2-rc.1(@deepseek-ai/cordis@4.0.2))(@deepseek-ai/dsh-llm@0.1.2-rc.1(@deepseek-ai/cordis@4.0.2))(@deepseek-ai/dsh-scope@0.1.2-rc.1(@deepseek-ai/cordis@4.0.2)(@deepseek-ai/dsh-invariants@0.1.2-rc.1(@deepseek-ai/cordis@4.0.2))))':
    dependencies:
      '@deepseek-ai/cordis': 4.0.2
      '@deepseek-ai/dsh-agent': 0.1.2-rc.1(6f833cf90b9dd3f0d529840b1aebfb48)
      '@deepseek-ai/dsh-brand': 0.1.2-rc.1(@deepseek-ai/cordis@4.0.2)
      '@deepseek-ai/dsh-invariants': 0.1.2-rc.1(@deepseek-ai/cordis@4.0.2)
      '@deepseek-ai/dsh-llm': 0.1.2-rc.1(@deepseek-ai/cordis@4.0.2)
      '@deepseek-ai/dsh-scope': 0.1.2-rc.1(@deepseek-ai/cordis@4.0.2)(@deepseek-ai/dsh-invariants@0.1.2-rc.1(@deepseek-ai/cordis@4.0.2))
      '@deepseek-ai/dsh-session': 0.1.2-rc.1(@deepseek-ai/cordis@4.0.2)(@deepseek-ai/dsh-scope@0.1.2-rc.1(@deepseek-ai/cordis@4.0.2)(@deepseek-ai/dsh-invariants@0.1.2-rc.1(@deepseek-ai/cordis@4.0.2)))
      '@deepseek-ai/dsh-system-prompt': 0.1.2-rc.1(@deepseek-ai/cordis@4.0.2)(@deepseek-ai/dsh-invariants@0.1.2-rc.1(@deepseek-ai/cordis@4.0.2))(@deepseek-ai/dsh-llm@0.1.2-rc.1(@deepseek-ai/cordis@4.0.2))(@deepseek-ai/dsh-scope@0.1.2-rc.1(@deepseek-ai/cordis@4.0.2)(@deepseek-ai/dsh-invariants@0.1.2-rc.1(@deepseek-ai/cordis@4.0.2)))
      '@deepseek-ai/schemastery': 3.18.2

  '@deepseek-ai/dsh-util-crypto@0.1.2-rc.1(@deepseek-ai/cordis@4.0.2)':
    dependencies:
      '@deepseek-ai/cordis': 4.0.2

  '@deepseek-ai/dsh-util-values@0.1.2-rc.1(@deepseek-ai/cordis@4.0.2)':
    dependencies:
      '@deepseek-ai/cordis': 4.0.2

  '@deepseek-ai/schemastery@3.18.2':
    dependencies:
      '@deepseek-ai/cosmokit': 1.8.3
      '@standard-schema/spec': 1.1.0

  '@protobufjs/aspromise@1.1.2': {}

  '@protobufjs/base64@1.1.2': {}

  '@protobufjs/codegen@2.0.5': {}

  '@protobufjs/eventemitter@1.1.1': {}

  '@protobufjs/fetch@1.1.1':
    dependencies:
      '@protobufjs/aspromise': 1.1.2

  '@protobufjs/float@1.0.2': {}

  '@protobufjs/path@1.1.2': {}

  '@protobufjs/pool@1.1.0': {}

  '@protobufjs/utf8@1.1.2': {}

  '@standard-schema/spec@1.1.0': {}

  '@types/node@26.6.2':
    dependencies:
      undici-types: 8.9.0

  ansi-regex@5.0.1: {}

  ansi-styles@4.3.0:
    dependencies:
      color-convert: 2.0.1

  camelcase@5.3.1: {}

  centrifuge@5.5.3:
    dependencies:
      events: 3.3.0
      protobufjs: 7.6.6

  cliui@6.0.0:
    dependencies:
      string-width: 4.2.3
      strip-ansi: 6.0.1
      wrap-ansi: 6.2.0

  color-convert@2.0.1:
    dependencies:
      color-name: 1.1.4

  color-name@1.1.4: {}

  decamelize@1.2.0: {}

  dijkstrajs@1.0.3: {}

  emoji-regex@8.0.0: {}

  events@3.3.0: {}

  find-up@4.1.0:
    dependencies:
      locate-path: 5.0.0
      path-exists: 4.0.0

  get-caller-file@2.0.5: {}

  is-fullwidth-code-point@3.0.0: {}

  locate-path@5.0.0:
    dependencies:
      p-locate: 4.1.0

  long@5.3.2: {}

  p-limit@2.3.0:
    dependencies:
      p-try: 2.2.0

  p-locate@4.1.0:
    dependencies:
      p-limit: 2.3.0

  p-try@2.2.0: {}

  path-exists@4.0.0: {}

  pngjs@5.0.0: {}

  protobufjs@7.6.6:
    dependencies:
      '@protobufjs/aspromise': 1.1.2
      '@protobufjs/base64': 1.1.2
      '@protobufjs/codegen': 2.0.5
      '@protobufjs/eventemitter': 1.1.1
      '@protobufjs/fetch': 1.1.1
      '@protobufjs/float': 1.0.2
      '@protobufjs/path': 1.1.2
      '@protobufjs/pool': 1.1.0
      '@protobufjs/utf8': 1.1.2
      '@types/node': 26.6.2
      long: 5.3.2

  qrcode@1.5.4:
    dependencies:
      dijkstrajs: 1.0.3
      pngjs: 5.0.0
      yargs: 15.4.1

  require-directory@2.1.1: {}

  require-main-filename@2.0.0: {}

  set-blocking@2.0.0: {}

  string-width@4.2.3:
    dependencies:
      emoji-regex: 8.0.0
      is-fullwidth-code-point: 3.0.0
      strip-ansi: 6.0.1

  strip-ansi@6.0.1:
    dependencies:
      ansi-regex: 5.0.1

  undici-types@8.9.0: {}

  which-module@2.0.1: {}

  wrap-ansi@6.2.0:
    dependencies:
      ansi-styles: 4.3.0
      string-width: 4.2.3
      strip-ansi: 6.0.1

  ws@8.21.3: {}

  y18n@4.0.3: {}

  yargs-parser@18.1.3:
    dependencies:
      camelcase: 5.3.1
      decamelize: 1.2.0

  yargs@15.4.1:
    dependencies:
      cliui: 6.0.0
      decamelize: 1.2.0
      find-up: 4.1.0
      get-caller-file: 2.0.5
      require-directory: 2.1.1
      require-main-filename: 2.0.0
      set-blocking: 2.0.0
      string-width: 4.2.3
      which-module: 2.0.1
      y18n: 4.0.3
      yargs-parser: 18.1.3

  zod@4.6.5: {}
